
Microsoft Visual Studio Solution File, Format Version 12.00
# Visual Studio Version 17
VisualStudioVersion = 17.8.34511.84
MinimumVisualStudioVersion = 10.0.40219.1
Project("{FAE04EC0-301F-11D3-BF4B-00C04F79EFBC}") = "ProjXimi", "ProjXimi.csproj", "{20964CA6-29EE-46D1-B95B-A16251FC15AF}"
EndProject
Global
	GlobalSection(SolutionConfigurationPlatforms) = preSolution
		Debug|Any CPU = Debug|Any CPU
		Release|Any CPU = Release|Any CPU
	EndGlobalSection
	GlobalSection(ProjectConfigurationPlatforms) = postSolution
		{20964CA6-29EE-46D1-B95B-A16251FC15AF}.Debug|Any CPU.ActiveCfg = Debug|Any CPU
		{20964CA6-29EE-46D1-B95B-A16251FC15AF}.Debug|Any CPU.Build.0 = Debug|Any CPU
		{20964CA6-29EE-46D1-B95B-A16251FC15AF}.Release|Any CPU.ActiveCfg = Release|Any CPU
		{20964CA6-29EE-46D1-B95B-A16251FC15AF}.Release|Any CPU.Build.0 = Release|Any CPU
	EndGlobalSection
	GlobalSection(SolutionProperties) = preSolution
		HideSolutionNode = FALSE
	EndGlobalSection
	GlobalSection(ExtensibilityGlobals) = postSolution
		SolutionGuid = {134EEB48-7CB2-44AF-9EA2-1785EFA3A897}
	EndGlobalSection
EndGlobal
